name: relock

on:
    push:
        branches:
            - am/revive

jobs:
    relock:
        runs-on: ubuntu-latest
        steps:
            - uses: actions/checkout@v4
            - uses: actions/setup-node@v4
              with:
                  node-version-file: '.nvmrc'
            - name: Regenerate the lockfile
              run: |
                  node -v && npm -v
                  rm -rf node_modules package-lock.json
                  CYPRESS_INSTALL_BINARY=0 npm install --no-audit --no-fund
            - name: Verify npm ci accepts it
              run: |
                  rm -rf node_modules
                  CYPRESS_INSTALL_BINARY=0 npm ci --no-audit --no-fund
            - uses: actions/upload-artifact@v4
              with:
                  name: package-lock
                  path: package-lock.json
